
Microsoft Visual Studio Solution File, Format Version 12.00
# Visual Studio Version 16
VisualStudioVersion = 25.0.1700.0
MinimumVisualStudioVersion = 10.0.40219.1
Project("{FAE04EC0-301F-11D3-BF4B-00C04F79EFBC}") = "YugiohCardRepository", "YugiohCardRepository\YugiohCardRepository.csproj", "{4C726D51-DDB8-431B-9C60-B42D92BEE4FB}"
EndProject
Global
	GlobalSection(SolutionConfigurationPlatforms) = preSolution
		Debug|Any CPU = Debug|Any CPU
		Release|Any CPU = Release|Any CPU
	EndGlobalSection
	GlobalSection(ProjectConfigurationPlatforms) = postSolution
		{4C726D51-DDB8-431B-9C60-B42D92BEE4FB}.Debug|Any CPU.ActiveCfg = Debug|Any CPU
		{4C726D51-DDB8-431B-9C60-B42D92BEE4FB}.Debug|Any CPU.Build.0 = Debug|Any CPU
		{4C726D51-DDB8-431B-9C60-B42D92BEE4FB}.Release|Any CPU.ActiveCfg = Release|Any CPU
		{4C726D51-DDB8-431B-9C60-B42D92BEE4FB}.Release|Any CPU.Build.0 = Release|Any CPU
	EndGlobalSection
	GlobalSection(SolutionProperties) = preSolution
		HideSolutionNode = FALSE
	EndGlobalSection
	GlobalSection(ExtensibilityGlobals) = postSolution
		SolutionGuid = {040390BD-1B06-420A-B9BD-1A0574980DDD}
	EndGlobalSection
EndGlobal
